
Microsoft Visual Studio Solution File, Format Version 12.00
# Visual Studio Version 16
VisualStudioVersion = 16.0.28803.202
MinimumVisualStudioVersion = 10.0.40219.1
Project("{9A19103F-16F7-4668-BE54-9A1E7A4F7556}") = "MastermindGame", "MastermindGame.csproj", "{87D4E75E-0544-484F-A401-ACDBBB0ED5BF}"
EndProject
Global
	GlobalSection(SolutionConfigurationPlatforms) = preSolution
		Debug|Any CPU = Debug|Any CPU
		Release|Any CPU = Release|Any CPU
	EndGlobalSection
	GlobalSection(ProjectConfigurationPlatforms) = postSolution
		{87D4E75E-0544-484F-A401-ACDBBB0ED5BF}.Debug|Any CPU.ActiveCfg = Debug|Any CPU
		{87D4E75E-0544-484F-A401-ACDBBB0ED5BF}.Debug|Any CPU.Build.0 = Debug|Any CPU
		{87D4E75E-0544-484F-A401-ACDBBB0ED5BF}.Release|Any CPU.ActiveCfg = Release|Any CPU
		{87D4E75E-0544-484F-A401-ACDBBB0ED5BF}.Release|Any CPU.Build.0 = Release|Any CPU
	EndGlobalSection
	GlobalSection(SolutionProperties) = preSolution
		HideSolutionNode = FALSE
	EndGlobalSection
	GlobalSection(ExtensibilityGlobals) = postSolution
		SolutionGuid = {7C911769-9466-4E15-86E5-7F8A2E74A598}
	EndGlobalSection
EndGlobal
